{
  "name": "global_energy_tracker_map",
  "version": "1.0.0",
  "lockfileVersion": 1,
  "requires": true,
  "dependencies": {
    "@babel/runtime": {
      "version": "7.24.7",
      "resolved": "https://registry.npmjs.org/@babel/runtime/-/runtime-7.24.7.tgz",
      "integrity": "sha512-UwgBRMjJP+xv857DCngvqXI3Iq6J4v0wXmwc6sapg+zyhbwmQX67LUEFrkK5tbyJ30jGuG3ZvWpBiB9LCy1kWw==",
      "requires": {
        "regenerator-runtime": "^0.14.0"
      }
    },
    "@types/d3-selection": {
      "version": "1.0.10",
      "resolved": "https://registry.npmjs.org/@types/d3-selection/-/d3-selection-1.0.10.tgz",
      "integrity": "sha512-mHICSFHpIwgTycsvgINYCwItk039eofbGRzVNdeUUtv0S2BD1vXFFUKaeMJN3ARbVl+hlsVOIwdzhzub5tjr6Q=="
    },
    "ajv": {
      "version": "6.12.6",
      "resolved": "https://registry.npmjs.org/ajv/-/ajv-6.12.6.tgz",
      "integrity": "sha512-j3fVLgvTo527anyYyJOGTYJbG+vnnQYvE0m5mmkc1TK+nxAppkCLMIL0aZ4dblVCNoGShhm+kzE4ZUykBoMg4g==",
      "requires": {
        "fast-deep-equal": "^3.1.1",
        "fast-json-stable-stringify": "^2.0.0",
        "json-schema-traverse": "^0.4.1",
        "uri-js": "^4.2.2"
      }
    },
    "ajv-keywords": {
      "version": "3.5.2",
      "resolved": "https://registry.npmjs.org/ajv-keywords/-/ajv-keywords-3.5.2.tgz",
      "integrity": "sha512-5p6WTN0DdTGVQk6VjcEju19IgaHudalcfabD7yhDGeA6bcQnmL+CpveLJq/3hvfwd1aof6L386Ougkx6RfyMIQ=="
    },
    "ansi-regex": {
      "version": "2.1.1",
      "resolved": "https://registry.npmjs.org/ansi-regex/-/ansi-regex-2.1.1.tgz",
      "integrity": "sha512-TIGnTpdo+E3+pCyAluZvtED5p5wCqLdezCyhPZzKPcxvFplEt4i+W7OONCKgeZFT3+y5NZZfOOS/Bdcanm1MYA=="
    },
    "ansi-styles": {
      "version": "2.2.1",
      "resolved": "https://registry.npmjs.org/ansi-styles/-/ansi-styles-2.2.1.tgz",
      "integrity": "sha512-kmCevFghRiWM7HB5zTPULl4r9bVFSWjz62MhqizDGUrq2NWuNMQyuv4tHHoKJHs69M/MF64lEcHdYIocrdWQYA=="
    },
    "babel-code-frame": {
      "version": "6.26.0",
      "resolved": "https://registry.npmjs.org/babel-code-frame/-/babel-code-frame-6.26.0.tgz",
      "integrity": "sha512-XqYMR2dfdGMW+hd0IUZ2PwK+fGeFkOxZJ0wY+JaQAHzt1Zx8LcvpiZD2NiGkEG8qx0CfkAOr5xt76d1e8vG90g==",
      "requires": {
        "chalk": "^1.1.3",
        "esutils": "^2.0.2",
        "js-tokens": "^3.0.2"
      }
    },
    "big.js": {
      "version": "5.2.2",
      "resolved": "https://registry.npmjs.org/big.js/-/big.js-5.2.2.tgz",
      "integrity": "sha512-vyL2OymJxmarO8gxMr0mhChsO9QGwhynfuu4+MHTAW6czfq9humCB7rKpUjDd9YUiDPU4mzpyupFSvOClAwbmQ=="
    },
    "chalk": {
      "version": "1.1.3",
      "resolved": "https://registry.npmjs.org/chalk/-/chalk-1.1.3.tgz",
      "integrity": "sha512-U3lRVLMSlsCfjqYPbLyVv11M9CPW4I728d6TCKMAOJueEeB9/8o+eSsMnxPJD+Q+K909sdESg7C+tIkoH6on1A==",
      "requires": {
        "ansi-styles": "^2.2.1",
        "escape-string-regexp": "^1.0.2",
        "has-ansi": "^2.0.0",
        "strip-ansi": "^3.0.0",
        "supports-color": "^2.0.0"
      }
    },
    "choices.js": {
      "version": "10.1.0",
      "resolved": "https://registry.npmjs.org/choices.js/-/choices.js-10.1.0.tgz",
      "integrity": "sha512-NtrFt7c7ZQEGmkWsAV+EHynJhADWoZ82JEfg1+vQ9MMKJD4Ax2rzYPxXe+Q64i0HgUgWG/XTN3gN2pB8UFFFlA==",
      "requires": {
        "deepmerge": "^4.2.2",
        "fuse.js": "^6.5.3",
        "redux": "^4.1.2"
      }
    },
    "color-convert": {
      "version": "1.9.3",
      "resolved": "https://registry.npmjs.org/color-convert/-/color-convert-1.9.3.tgz",
      "integrity": "sha512-QfAUtd+vFdAtFQcC8CCyYt1fYWxSqAiK2cSD6zDB8N3cpsEBAvRxp9zOGg6G/SHHJYAT88/az/IuDGALsNVbGg==",
      "requires": {
        "color-name": "1.1.3"
      }
    },
    "color-name": {
      "version": "1.1.3",
      "resolved": "https://registry.npmjs.org/color-name/-/color-name-1.1.3.tgz",
      "integrity": "sha512-72fSenhMw2HZMTVHeCA9KCmpEIbzWiQsjN+BHcBbS9vr1mtt+vJjPdksIBNUmKAW8TFUDPJK5SUU3QhE9NEXDw=="
    },
    "commander": {
      "version": "2.20.3",
      "resolved": "https://registry.npmjs.org/commander/-/commander-2.20.3.tgz",
      "integrity": "sha512-GpVkmM8vF2vQUkj2LvZmD35JxeJOLCwJ9cUkugyk2nuhbv3+mJvpLYYt+0+USMxE+oj+ey/lJEnhZw75x/OMcQ=="
    },
    "css-loader": {
      "version": "1.0.1",
      "resolved": "https://registry.npmjs.org/css-loader/-/css-loader-1.0.1.tgz",
      "integrity": "sha512-+ZHAZm/yqvJ2kDtPne3uX0C+Vr3Zn5jFn2N4HywtS5ujwvsVkyg0VArEXpl3BgczDA8anieki1FIzhchX4yrDw==",
      "requires": {
        "babel-code-frame": "^6.26.0",
        "css-selector-tokenizer": "^0.7.0",
        "icss-utils": "^2.1.0",
        "loader-utils": "^1.0.2",
        "lodash": "^4.17.11",
        "postcss": "^6.0.23",
        "postcss-modules-extract-imports": "^1.2.0",
        "postcss-modules-local-by-default": "^1.2.0",
        "postcss-modules-scope": "^1.1.0",
        "postcss-modules-values": "^1.3.0",
        "postcss-value-parser": "^3.3.0",
        "source-list-map": "^2.0.0"
      }
    },
    "css-selector-tokenizer": {
      "version": "0.7.3",
      "resolved": "https://registry.npmjs.org/css-selector-tokenizer/-/css-selector-tokenizer-0.7.3.tgz",
      "integrity": "sha512-jWQv3oCEL5kMErj4wRnK/OPoBi0D+P1FR2cDCKYPaMeD2eW3/mttav8HT4hT1CKopiJI/psEULjkClhvJo4Lvg==",
      "requires": {
        "cssesc": "^3.0.0",
        "fastparse": "^1.1.2"
      }
    },
    "cssesc": {
      "version": "3.0.0",
      "resolved": "https://registry.npmjs.org/cssesc/-/cssesc-3.0.0.tgz",
      "integrity": "sha512-/Tb/JcjK111nNScGob5MNtsntNM1aCNUDipB/TkwZFhyDrrE47SOx/18wF2bbjgc3ZzCSKW1T5nt5EbFoAz/Vg=="
    },
    "d3": {
      "version": "5.16.0",
      "resolved": "https://registry.npmjs.org/d3/-/d3-5.16.0.tgz",
      "integrity": "sha512-4PL5hHaHwX4m7Zr1UapXW23apo6pexCgdetdJ5kTmADpG/7T9Gkxw0M0tf/pjoB63ezCCm0u5UaFYy2aMt0Mcw==",
      "requires": {
        "d3-array": "1",
        "d3-axis": "1",
        "d3-brush": "1",
        "d3-chord": "1",
        "d3-collection": "1",
        "d3-color": "1",
        "d3-contour": "1",
        "d3-dispatch": "1",
        "d3-drag": "1",
        "d3-dsv": "1",
        "d3-ease": "1",
        "d3-fetch": "1",
        "d3-force": "1",
        "d3-format": "1",
        "d3-geo": "1",
        "d3-hierarchy": "1",
        "d3-interpolate": "1",
        "d3-path": "1",
        "d3-polygon": "1",
        "d3-quadtree": "1",
        "d3-random": "1",
        "d3-scale": "2",
        "d3-scale-chromatic": "1",
        "d3-selection": "1",
        "d3-shape": "1",
        "d3-time": "1",
        "d3-time-format": "2",
        "d3-timer": "1",
        "d3-transition": "1",
        "d3-voronoi": "1",
        "d3-zoom": "1"
      }
    },
    "d3-array": {
      "version": "1.2.4",
      "resolved": "https://registry.npmjs.org/d3-array/-/d3-array-1.2.4.tgz",
      "integrity": "sha512-KHW6M86R+FUPYGb3R5XiYjXPq7VzwxZ22buHhAEVG5ztoEcZZMLov530mmccaqA1GghZArjQV46fuc8kUqhhHw=="
    },
    "d3-axis": {
      "version": "1.0.12",
      "resolved": "https://registry.npmjs.org/d3-axis/-/d3-axis-1.0.12.tgz",
      "integrity": "sha512-ejINPfPSNdGFKEOAtnBtdkpr24c4d4jsei6Lg98mxf424ivoDP2956/5HDpIAtmHo85lqT4pruy+zEgvRUBqaQ=="
    },
    "d3-brush": {
      "version": "1.1.6",
      "resolved": "https://registry.npmjs.org/d3-brush/-/d3-brush-1.1.6.tgz",
      "integrity": "sha512-7RW+w7HfMCPyZLifTz/UnJmI5kdkXtpCbombUSs8xniAyo0vIbrDzDwUJB6eJOgl9u5DQOt2TQlYumxzD1SvYA==",
      "requires": {
        "d3-dispatch": "1",
        "d3-drag": "1",
        "d3-interpolate": "1",
        "d3-selection": "1",
        "d3-transition": "1"
      }
    },
    "d3-chord": {
      "version": "1.0.6",
      "resolved": "https://registry.npmjs.org/d3-chord/-/d3-chord-1.0.6.tgz",
      "integrity": "sha512-JXA2Dro1Fxw9rJe33Uv+Ckr5IrAa74TlfDEhE/jfLOaXegMQFQTAgAw9WnZL8+HxVBRXaRGCkrNU7pJeylRIuA==",
      "requires": {
        "d3-array": "1",
        "d3-path": "1"
      }
    },
    "d3-collection": {
      "version": "1.0.7",
      "resolved": "https://registry.npmjs.org/d3-collection/-/d3-collection-1.0.7.tgz",
      "integrity": "sha512-ii0/r5f4sjKNTfh84Di+DpztYwqKhEyUlKoPrzUFfeSkWxjW49xU2QzO9qrPrNkpdI0XJkfzvmTu8V2Zylln6A=="
    },
    "d3-color": {
      "version": "1.4.1",
      "resolved": "https://registry.npmjs.org/d3-color/-/d3-color-1.4.1.tgz",
      "integrity": "sha512-p2sTHSLCJI2QKunbGb7ocOh7DgTAn8IrLx21QRc/BSnodXM4sv6aLQlnfpvehFMLZEfBc6g9pH9SWQccFYfJ9Q=="
    },
    "d3-contour": {
      "version": "1.3.2",
      "resolved": "https://registry.npmjs.org/d3-contour/-/d3-contour-1.3.2.tgz",
      "integrity": "sha512-hoPp4K/rJCu0ladiH6zmJUEz6+u3lgR+GSm/QdM2BBvDraU39Vr7YdDCicJcxP1z8i9B/2dJLgDC1NcvlF8WCg==",
      "requires": {
        "d3-array": "^1.1.1"
      }
    },
    "d3-dispatch": {
      "version": "1.0.6",
      "resolved": "https://registry.npmjs.org/d3-dispatch/-/d3-dispatch-1.0.6.tgz",
      "integrity": "sha512-fVjoElzjhCEy+Hbn8KygnmMS7Or0a9sI2UzGwoB7cCtvI1XpVN9GpoYlnb3xt2YV66oXYb1fLJ8GMvP4hdU1RA=="
    },
    "d3-drag": {
      "version": "1.2.5",
      "resolved": "https://registry.npmjs.org/d3-drag/-/d3-drag-1.2.5.tgz",
      "integrity": "sha512-rD1ohlkKQwMZYkQlYVCrSFxsWPzI97+W+PaEIBNTMxRuxz9RF0Hi5nJWHGVJ3Om9d2fRTe1yOBINJyy/ahV95w==",
      "requires": {
        "d3-dispatch": "1",
        "d3-selection": "1"
      }
    },
    "d3-dsv": {
      "version": "1.2.0",
      "resolved": "https://registry.npmjs.org/d3-dsv/-/d3-dsv-1.2.0.tgz",
      "integrity": "sha512-9yVlqvZcSOMhCYzniHE7EVUws7Fa1zgw+/EAV2BxJoG3ME19V6BQFBwI855XQDsxyOuG7NibqRMTtiF/Qup46g==",
      "requires": {
        "commander": "2",
        "iconv-lite": "0.4",
        "rw": "1"
      }
    },
    "d3-ease": {
      "version": "1.0.7",
      "resolved": "https://registry.npmjs.org/d3-ease/-/d3-ease-1.0.7.tgz",
      "integrity": "sha512-lx14ZPYkhNx0s/2HX5sLFUI3mbasHjSSpwO/KaaNACweVwxUruKyWVcb293wMv1RqTPZyZ8kSZ2NogUZNcLOFQ=="
    },
    "d3-fetch": {
      "version": "1.2.0",
      "resolved": "https://registry.npmjs.org/d3-fetch/-/d3-fetch-1.2.0.tgz",
      "integrity": "sha512-yC78NBVcd2zFAyR/HnUiBS7Lf6inSCoWcSxFfw8FYL7ydiqe80SazNwoffcqOfs95XaLo7yebsmQqDKSsXUtvA==",
      "requires": {
        "d3-dsv": "1"
      }
    },
    "d3-force": {
      "version": "1.2.1",
      "resolved": "https://registry.npmjs.org/d3-force/-/d3-force-1.2.1.tgz",
      "integrity": "sha512-HHvehyaiUlVo5CxBJ0yF/xny4xoaxFxDnBXNvNcfW9adORGZfyNF1dj6DGLKyk4Yh3brP/1h3rnDzdIAwL08zg==",
      "requires": {
        "d3-collection": "1",
        "d3-dispatch": "1",
        "d3-quadtree": "1",
        "d3-timer": "1"
      }
    },
    "d3-format": {
      "version": "1.4.5",
      "resolved": "https://registry.npmjs.org/d3-format/-/d3-format-1.4.5.tgz",
      "integrity": "sha512-J0piedu6Z8iB6TbIGfZgDzfXxUFN3qQRMofy2oPdXzQibYGqPB/9iMcxr/TGalU+2RsyDO+U4f33id8tbnSRMQ=="
    },
    "d3-geo": {
      "version": "1.12.1",
      "resolved": "https://registry.npmjs.org/d3-geo/-/d3-geo-1.12.1.tgz",
      "integrity": "sha512-XG4d1c/UJSEX9NfU02KwBL6BYPj8YKHxgBEw5om2ZnTRSbIcego6dhHwcxuSR3clxh0EpE38os1DVPOmnYtTPg==",
      "requires": {
        "d3-array": "1"
      }
    },
    "d3-geo-projection": {
      "version": "4.0.0",
      "resolved": "https://registry.npmjs.org/d3-geo-projection/-/d3-geo-projection-4.0.0.tgz",
      "integrity": "sha512-p0bK60CEzph1iqmnxut7d/1kyTmm3UWtPlwdkM31AU+LW+BXazd5zJdoCn7VFxNCHXRngPHRnsNn5uGjLRGndg==",
      "requires": {
        "commander": "7",
        "d3-array": "1 - 3",
        "d3-geo": "1.12.0 - 3"
      },
      "dependencies": {
        "commander": {
          "version": "7.2.0",
          "resolved": "https://registry.npmjs.org/commander/-/commander-7.2.0.tgz",
          "integrity": "sha512-QrWXB+ZQSVPmIWIhtEO9H+gwHaMGYiF5ChvoJ+K9ZGHG/sVsa6yiesAD1GC/x46sET00Xlwo1u49RVVVzvcSkw=="
        }
      }
    },
    "d3-geo-scale-bar": {
      "version": "1.2.5",
      "resolved": "https://registry.npmjs.org/d3-geo-scale-bar/-/d3-geo-scale-bar-1.2.5.tgz",
      "integrity": "sha512-BTkVNQ1ZkwZnAf+ieJiG2Q/ZnN5A60u41HU2MzhmRe+nB+HNBfdiHVgbatOZMqTdrj07kDL9/LxEnpUOqqmOxA=="
    },
    "d3-hierarchy": {
      "version": "1.1.9",
      "resolved": "https://registry.npmjs.org/d3-hierarchy/-/d3-hierarchy-1.1.9.tgz",
      "integrity": "sha512-j8tPxlqh1srJHAtxfvOUwKNYJkQuBFdM1+JAUfq6xqH5eAqf93L7oG1NVqDa4CpFZNvnNKtCYEUC8KY9yEn9lQ=="
    },
    "d3-interpolate": {
      "version": "1.4.0",
      "resolved": "https://registry.npmjs.org/d3-interpolate/-/d3-interpolate-1.4.0.tgz",
      "integrity": "sha512-V9znK0zc3jOPV4VD2zZn0sDhZU3WAE2bmlxdIwwQPPzPjvyLkd8B3JUVdS1IDUFDkWZ72c9qnv1GK2ZagTZ8EA==",
      "requires": {
        "d3-color": "1"
      }
    },
    "d3-path": {
      "version": "1.0.9",
      "resolved": "https://registry.npmjs.org/d3-path/-/d3-path-1.0.9.tgz",
      "integrity": "sha512-VLaYcn81dtHVTjEHd8B+pbe9yHWpXKZUC87PzoFmsFrJqgFwDe/qxfp5MlfsfM1V5E/iVt0MmEbWQ7FVIXh/bg=="
    },
    "d3-polygon": {
      "version": "1.0.6",
      "resolved": "https://registry.npmjs.org/d3-polygon/-/d3-polygon-1.0.6.tgz",
      "integrity": "sha512-k+RF7WvI08PC8reEoXa/w2nSg5AUMTi+peBD9cmFc+0ixHfbs4QmxxkarVal1IkVkgxVuk9JSHhJURHiyHKAuQ=="
    },
    "d3-quadtree": {
      "version": "1.0.7",
      "resolved": "https://registry.npmjs.org/d3-quadtree/-/d3-quadtree-1.0.7.tgz",
      "integrity": "sha512-RKPAeXnkC59IDGD0Wu5mANy0Q2V28L+fNe65pOCXVdVuTJS3WPKaJlFHer32Rbh9gIo9qMuJXio8ra4+YmIymA=="
    },
    "d3-random": {
      "version": "1.1.2",
      "resolved": "https://registry.npmjs.org/d3-random/-/d3-random-1.1.2.tgz",
      "integrity": "sha512-6AK5BNpIFqP+cx/sreKzNjWbwZQCSUatxq+pPRmFIQaWuoD+NrbVWw7YWpHiXpCQ/NanKdtGDuB+VQcZDaEmYQ=="
    },
    "d3-scale": {
      "version": "2.2.2",
      "resolved": "https://registry.npmjs.org/d3-scale/-/d3-scale-2.2.2.tgz",
      "integrity": "sha512-LbeEvGgIb8UMcAa0EATLNX0lelKWGYDQiPdHj+gLblGVhGLyNbaCn3EvrJf0A3Y/uOOU5aD6MTh5ZFCdEwGiCw==",
      "requires": {
        "d3-array": "^1.2.0",
        "d3-collection": "1",
        "d3-format": "1",
        "d3-interpolate": "1",
        "d3-time": "1",
        "d3-time-format": "2"
      }
    },
    "d3-scale-chromatic": {
      "version": "1.5.0",
      "resolved": "https://registry.npmjs.org/d3-scale-chromatic/-/d3-scale-chromatic-1.5.0.tgz",
      "integrity": "sha512-ACcL46DYImpRFMBcpk9HhtIyC7bTBR4fNOPxwVSl0LfulDAwyiHyPOTqcDG1+t5d4P9W7t/2NAuWu59aKko/cg==",
      "requires": {
        "d3-color": "1",
        "d3-interpolate": "1"
      }
    },
    "d3-selection": {
      "version": "1.4.2",
      "resolved": "https://registry.npmjs.org/d3-selection/-/d3-selection-1.4.2.tgz",
      "integrity": "sha512-SJ0BqYihzOjDnnlfyeHT0e30k0K1+5sR3d5fNueCNeuhZTnGw4M4o8mqJchSwgKMXCNFo+e2VTChiSJ0vYtXkg=="
    },
    "d3-shape": {
      "version": "1.3.7",
      "resolved": "https://registry.npmjs.org/d3-shape/-/d3-shape-1.3.7.tgz",
      "integrity": "sha512-EUkvKjqPFUAZyOlhY5gzCxCeI0Aep04LwIRpsZ/mLFelJiUfnK56jo5JMDSE7yyP2kLSb6LtF+S5chMk7uqPqw==",
      "requires": {
        "d3-path": "1"
      }
    },
    "d3-svg-annotation": {
      "version": "2.5.1",
      "resolved": "https://registry.npmjs.org/d3-svg-annotation/-/d3-svg-annotation-2.5.1.tgz",
      "integrity": "sha512-PXW39bunDsn2K6uiCUlZ919fnC29o8oIDzNJtKvz6xOMeNv53LyNkucn40YjLherNCrlx5JGsyEtw/DZcjAa4Q==",
      "requires": {
        "d3-dispatch": "1.0.2",
        "d3-drag": "1.2.3",
        "d3-selection": "1.4.0",
        "d3-shape": "1.0.4",
        "d3-transition": "1.0.3"
      },
      "dependencies": {
        "d3-dispatch": {
          "version": "1.0.2",
          "resolved": "https://registry.npmjs.org/d3-dispatch/-/d3-dispatch-1.0.2.tgz",
          "integrity": "sha512-Kr/bYOYhM/6g7V8BWuEpWA7OvoieYQxo98863SRRGZjSFjveJxl8KUlyA0d5uf02Ox+rmOzE/3zomhKfNk/ZDQ=="
        },
        "d3-drag": {
          "version": "1.2.3",
          "resolved": "https://registry.npmjs.org/d3-drag/-/d3-drag-1.2.3.tgz",
          "integrity": "sha512-8S3HWCAg+ilzjJsNtWW1Mutl74Nmzhb9yU6igspilaJzeZVFktmY6oO9xOh5TDk+BM2KrNFjttZNoJJmDnkjkg==",
          "requires": {
            "d3-dispatch": "1",
            "d3-selection": "1"
          }
        },
        "d3-selection": {
          "version": "1.4.0",
          "resolved": "https://registry.npmjs.org/d3-selection/-/d3-selection-1.4.0.tgz",
          "integrity": "sha512-EYVwBxQGEjLCKF2pJ4+yrErskDnz5v403qvAid96cNdCMr8rmCYfY5RGzWz24mdIbxmDf6/4EAH+K9xperD5jg=="
        },
        "d3-shape": {
          "version": "1.0.4",
          "resolved": "https://registry.npmjs.org/d3-shape/-/d3-shape-1.0.4.tgz",
          "integrity": "sha512-cfgoSGygKqHOG9n2rslAqeCdEK5RB7gKK5lihJi0zhU+Zksc5jEnkM7mmN+FCQO63Yl8QBOHcV3BxL+aNnmazw==",
          "requires": {
            "d3-path": "1"
          }
        },
        "d3-transition": {
          "version": "1.0.3",
          "resolved": "https://registry.npmjs.org/d3-transition/-/d3-transition-1.0.3.tgz",
          "integrity": "sha512-Facxcbma0nA2GVrx7B/Mgnn5ju6SwUMzGa9YcYmQjpqmaIq1Zbp5vVJLjtH6b08Lu0vcX7O6a4z+AlLmdCxrCQ==",
          "requires": {
            "d3-color": "1",
            "d3-dispatch": "1",
            "d3-ease": "1",
            "d3-interpolate": "1",
            "d3-selection": "1",
            "d3-timer": "1"
          }
        }
      }
    },
    "d3-svg-legend": {
      "version": "2.25.6",
      "resolved": "https://registry.npmjs.org/d3-svg-legend/-/d3-svg-legend-2.25.6.tgz",
      "integrity": "sha512-6dueSjQr3+g9SlQ1SOzc4V58cCjjBeyo4WEcY8PW80i9XD/s562W/4xk05bpky0vzQx+i2XmXj3CYT+9KIRlnw==",
      "requires": {
        "@types/d3-selection": "1.0.10",
        "d3-array": "1.0.1",
        "d3-dispatch": "1.0.1",
        "d3-format": "1.0.2",
        "d3-scale": "1.0.3",
        "d3-selection": "1.0.2",
        "d3-transition": "1.0.3"
      },
      "dependencies": {
        "d3-array": {
          "version": "1.0.1",
          "resolved": "https://registry.npmjs.org/d3-array/-/d3-array-1.0.1.tgz",
          "integrity": "sha512-VPS5OH5Xb43tkFkxHEc4r5yWhlDwST47zh1q+qvgTj7xB9xDXn+UEcofhvNC7s8gD55y9Q/MCSPSBUVvnzo3Dw=="
        },
        "d3-dispatch": {
          "version": "1.0.1",
          "resolved": "https://registry.npmjs.org/d3-dispatch/-/d3-dispatch-1.0.1.tgz",
          "integrity": "sha512-BRTp95mobTSKx8EtpOLbxXuYVtNNr0PmelkH9Uzg5cgcO5O1M0i3+2C0FeM2I95BwQoIlsuZXQTPIoIt5xOtmw=="
        },
        "d3-format": {
          "version": "1.0.2",
          "resolved": "https://registry.npmjs.org/d3-format/-/d3-format-1.0.2.tgz",
          "integrity": "sha512-VHFdLLjGkeGrRL8T/rlIIDhI3vvVX/oOTM/GaDJfB1sIb4dU5ZgiEjg3EeidJdQ/70u60tM015TSWa1gqqLRhg=="
        },
        "d3-scale": {
          "version": "1.0.3",
          "resolved": "https://registry.npmjs.org/d3-scale/-/d3-scale-1.0.3.tgz",
          "integrity": "sha512-ah2Xqywu96gau2iET3T0ZTsu0/X0gfoB8vDTuZ1OaG5F0SgGJLXreBVBknSZf2HKnxjenRvFok3qY2FgY4RpFg==",
          "requires": {
            "d3-array": "1",
            "d3-collection": "1",
            "d3-color": "1",
            "d3-format": "1",
            "d3-interpolate": "1",
            "d3-time": "1",
            "d3-time-format": "2"
          }
        },
        "d3-selection": {
          "version": "1.0.2",
          "resolved": "https://registry.npmjs.org/d3-selection/-/d3-selection-1.0.2.tgz",
          "integrity": "sha512-nInNdsdhljkDqkU/83bdWwtiJ7xsX3l57YZMlqsAOMeQROeCv7osPqQgYnao0NmRZEGc11hNakY+EOkaIdsWpQ=="
        },
        "d3-transition": {
          "version": "1.0.3",
          "resolved": "https://registry.npmjs.org/d3-transition/-/d3-transition-1.0.3.tgz",
          "integrity": "sha512-Facxcbma0nA2GVrx7B/Mgnn5ju6SwUMzGa9YcYmQjpqmaIq1Zbp5vVJLjtH6b08Lu0vcX7O6a4z+AlLmdCxrCQ==",
          "requires": {
            "d3-color": "1",
            "d3-dispatch": "1",
            "d3-ease": "1",
            "d3-interpolate": "1",
            "d3-selection": "1",
            "d3-timer": "1"
          }
        }
      }
    },
    "d3-time": {
      "version": "1.1.0",
      "resolved": "https://registry.npmjs.org/d3-time/-/d3-time-1.1.0.tgz",
      "integrity": "sha512-Xh0isrZ5rPYYdqhAVk8VLnMEidhz5aP7htAADH6MfzgmmicPkTo8LhkLxci61/lCB7n7UmE3bN0leRt+qvkLxA=="
    },
    "d3-time-format": {
      "version": "2.3.0",
      "resolved": "https://registry.npmjs.org/d3-time-format/-/d3-time-format-2.3.0.tgz",
      "integrity": "sha512-guv6b2H37s2Uq/GefleCDtbe0XZAuy7Wa49VGkPVPMfLL9qObgBST3lEHJBMUp8S7NdLQAGIvr2KXk8Hc98iKQ==",
      "requires": {
        "d3-time": "1"
      }
    },
    "d3-timer": {
      "version": "1.0.10",
      "resolved": "https://registry.npmjs.org/d3-timer/-/d3-timer-1.0.10.tgz",
      "integrity": "sha512-B1JDm0XDaQC+uvo4DT79H0XmBskgS3l6Ve+1SBCfxgmtIb1AVrPIoqd+nPSv+loMX8szQ0sVUhGngL7D5QPiXw=="
    },
    "d3-transition": {
      "version": "1.3.2",
      "resolved": "https://registry.npmjs.org/d3-transition/-/d3-transition-1.3.2.tgz",
      "integrity": "sha512-sc0gRU4PFqZ47lPVHloMn9tlPcv8jxgOQg+0zjhfZXMQuvppjG6YuwdMBE0TuqCZjeJkLecku/l9R0JPcRhaDA==",
      "requires": {
        "d3-color": "1",
        "d3-dispatch": "1",
        "d3-ease": "1",
        "d3-interpolate": "1",
        "d3-selection": "^1.1.0",
        "d3-timer": "1"
      }
    },
    "d3-voronoi": {
      "version": "1.1.4",
      "resolved": "https://registry.npmjs.org/d3-voronoi/-/d3-voronoi-1.1.4.tgz",
      "integrity": "sha512-dArJ32hchFsrQ8uMiTBLq256MpnZjeuBtdHpaDlYuQyjU0CVzCJl/BVW+SkszaAeH95D/8gxqAhgx0ouAWAfRg=="
    },
    "d3-zoom": {
      "version": "1.8.3",
      "resolved": "https://registry.npmjs.org/d3-zoom/-/d3-zoom-1.8.3.tgz",
      "integrity": "sha512-VoLXTK4wvy1a0JpH2Il+F2CiOhVu7VRXWF5M/LroMIh3/zBAC3WAt7QoIvPibOavVo20hN6/37vwAsdBejLyKQ==",
      "requires": {
        "d3-dispatch": "1",
        "d3-drag": "1",
        "d3-interpolate": "1",
        "d3-selection": "1",
        "d3-transition": "1"
      }
    },
    "deepmerge": {
      "version": "4.3.1",
      "resolved": "https://registry.npmjs.org/deepmerge/-/deepmerge-4.3.1.tgz",
      "integrity": "sha512-3sUqbMEc77XqpdNO7FRyRog+eW3ph+GYCbj+rK+uYyRMuwsVy0rMiVtPn+QJlKFvWP/1PYpapqYn0Me2knFn+A=="
    },
    "emojis-list": {
      "version": "3.0.0",
      "resolved": "https://registry.npmjs.org/emojis-list/-/emojis-list-3.0.0.tgz",
      "integrity": "sha512-/kyM18EfinwXZbno9FyUGeFh87KC8HRQBQGildHZbEuRyWFOmv1U10o9BBp8XVZDVNNuQKyIGIu5ZYAAXJ0V2Q=="
    },
    "escape-string-regexp": {
      "version": "1.0.5",
      "resolved": "https://registry.npmjs.org/escape-string-regexp/-/escape-string-regexp-1.0.5.tgz",
      "integrity": "sha512-vbRorB5FUQWvla16U8R/qgaFIya2qGzwDrNmCZuYKrbdSUMG6I1ZCGQRefkRVhuOkIGVne7BQ35DSfo1qvJqFg=="
    },
    "esutils": {
      "version": "2.0.3",
      "resolved": "https://registry.npmjs.org/esutils/-/esutils-2.0.3.tgz",
      "integrity": "sha512-kVscqXk4OCp68SZ0dkgEKVi6/8ij300KBWTJq32P/dYeWTSwK41WyTxalN1eRmA5Z9UU/LX9D7FWSmV9SAYx6g=="
    },
    "fast-deep-equal": {
      "version": "3.1.3",
      "resolved": "https://registry.npmjs.org/fast-deep-equal/-/fast-deep-equal-3.1.3.tgz",
      "integrity": "sha512-f3qQ9oQy9j2AhBe/H9VC91wLmKBCCU/gDOnKNAYG5hswO7BLKj09Hc5HYNz9cGI++xlpDCIgDaitVs03ATR84Q=="
    },
    "fast-json-stable-stringify": {
      "version": "2.1.0",
      "resolved": "https://registry.npmjs.org/fast-json-stable-stringify/-/fast-json-stable-stringify-2.1.0.tgz",
      "integrity": "sha512-lhd/wF+Lk98HZoTCtlVraHtfh5XYijIjalXck7saUtuanSDyLMxnHhSXEDJqHxD7msR8D0uCmqlkwjCV8xvwHw=="
    },
    "fastparse": {
      "version": "1.1.2",
      "resolved": "https://registry.npmjs.org/fastparse/-/fastparse-1.1.2.tgz",
      "integrity": "sha512-483XLLxTVIwWK3QTrMGRqUfUpoOs/0hbQrl2oz4J0pAcm3A3bu84wxTFqGqkJzewCLdME38xJLJAxBABfQT8sQ=="
    },
    "file-loader": {
      "version": "1.1.11",
      "resolved": "https://registry.npmjs.org/file-loader/-/file-loader-1.1.11.tgz",
      "integrity": "sha512-TGR4HU7HUsGg6GCOPJnFk06RhWgEWFLAGWiT6rcD+GRC2keU3s9RGJ+b3Z6/U73jwwNb2gKLJ7YCrp+jvU4ALg==",
      "requires": {
        "loader-utils": "^1.0.2",
        "schema-utils": "^0.4.5"
      }
    },
    "fuse.js": {
      "version": "6.6.2",
      "resolved": "https://registry.npmjs.org/fuse.js/-/fuse.js-6.6.2.tgz",
      "integrity": "sha512-cJaJkxCCxC8qIIcPBF9yGxY0W/tVZS3uEISDxhYIdtk8OL93pe+6Zj7LjCqVV4dzbqcriOZ+kQ/NE4RXZHsIGA=="
    },
    "has-ansi": {
      "version": "2.0.0",
      "resolved": "https://registry.npmjs.org/has-ansi/-/has-ansi-2.0.0.tgz",
      "integrity": "sha512-C8vBJ8DwUCx19vhm7urhTuUsr4/IyP6l4VzNQDv+ryHQObW3TTTp9yB68WpYgRe2bbaGuZ/se74IqFeVnMnLZg==",
      "requires": {
        "ansi-regex": "^2.0.0"
      }
    },
    "has-flag": {
      "version": "3.0.0",
      "resolved": "https://registry.npmjs.org/has-flag/-/has-flag-3.0.0.tgz",
      "integrity": "sha512-sKJf1+ceQBr4SMkvQnBDNDtf4TXpVhVGateu0t918bl30FnbE2m4vNLX+VWe/dpjlb+HugGYzW7uQXH98HPEYw=="
    },
    "iconv-lite": {
      "version": "0.4.24",
      "resolved": "https://registry.npmjs.org/iconv-lite/-/iconv-lite-0.4.24.tgz",
      "integrity": "sha512-v3MXnZAcvnywkTUEZomIActle7RXXeedOR31wwl7VlyoXO4Qi9arvSenNQWne1TcRwhCL1HwLI21bEqdpj8/rA==",
      "requires": {
        "safer-buffer": ">= 2.1.2 < 3"
      }
    },
    "icss-replace-symbols": {
      "version": "1.1.0",
      "resolved": "https://registry.npmjs.org/icss-replace-symbols/-/icss-replace-symbols-1.1.0.tgz",
      "integrity": "sha512-chIaY3Vh2mh2Q3RGXttaDIzeiPvaVXJ+C4DAh/w3c37SKZ/U6PGMmuicR2EQQp9bKG8zLMCl7I+PtIoOOPp8Gg=="
    },
    "icss-utils": {
      "version": "2.1.0",
      "resolved": "https://registry.npmjs.org/icss-utils/-/icss-utils-2.1.0.tgz",
      "integrity": "sha512-bsVoyn/1V4R1kYYjLcWLedozAM4FClZUdjE9nIr8uWY7xs78y9DATgwz2wGU7M+7z55KenmmTkN2DVJ7bqzjAA==",
      "requires": {
        "postcss": "^6.0.1"
      }
    },
    "jquery": {
      "version": "2.2.4",
      "resolved": "https://registry.npmjs.org/jquery/-/jquery-2.2.4.tgz",
      "integrity": "sha512-lBHj60ezci2u1v2FqnZIraShGgEXq35qCzMv4lITyHGppTnA13rwR0MgwyNJh9TnDs3aXUvd1xjAotfraMHX/Q=="
    },
    "jquery-ui": {
      "version": "1.13.3",
      "resolved": "https://registry.npmjs.org/jquery-ui/-/jquery-ui-1.13.3.tgz",
      "integrity": "sha512-D2YJfswSJRh/B8M/zCowDpNFfwsDmtfnMPwjJTyvl+CBqzpYwQ+gFYIbUUlzijy/Qvoy30H1YhoSui4MNYpRwA==",
      "requires": {
        "jquery": ">=1.8.0 <4.0.0"
      }
    },
    "jquery-ui-touch-punch": {
      "version": "0.2.3",
      "resolved": "https://registry.npmjs.org/jquery-ui-touch-punch/-/jquery-ui-touch-punch-0.2.3.tgz",
      "integrity": "sha512-Q/7aAd+SjbV0SspHO7Kuk96NJIbLwJAS0lD81U1PKcU2T5ZKayXMORH+Y5qvYLuy41xqVQbWimsRKDn1v3oI2Q=="
    },
    "js-tokens": {
      "version": "3.0.2",
      "resolved": "https://registry.npmjs.org/js-tokens/-/js-tokens-3.0.2.tgz",
      "integrity": "sha512-RjTcuD4xjtthQkaWH7dFlH85L+QaVtSoOyGdZ3g6HFhS9dFNDfLyqgm2NFe2X6cQpeFmt0452FJjFG5UameExg=="
    },
    "json-schema-traverse": {
      "version": "0.4.1",
      "resolved": "https://registry.npmjs.org/json-schema-traverse/-/json-schema-traverse-0.4.1.tgz",
      "integrity": "sha512-xbbCH5dCYU5T8LcEhhuh7HJ88HXuW3qsI3Y0zOZFKfZEHcpWiHU/Jxzk629Brsab/mMiHQti9wMP+845RPe3Vg=="
    },
    "json5": {
      "version": "1.0.2",
      "resolved": "https://registry.npmjs.org/json5/-/json5-1.0.2.tgz",
      "integrity": "sha512-g1MWMLBiz8FKi1e4w0UyVL3w+iJceWAFBAaBnnGKOpNa5f8TLktkbre1+s6oICydWAm+HRUGTmI+//xv2hvXYA==",
      "requires": {
        "minimist": "^1.2.0"
      }
    },
    "loader-utils": {
      "version": "1.4.2",
      "resolved": "https://registry.npmjs.org/loader-utils/-/loader-utils-1.4.2.tgz",
      "integrity": "sha512-I5d00Pd/jwMD2QCduo657+YM/6L3KZu++pmX9VFncxaxvHcru9jx1lBaFft+r4Mt2jK0Yhp41XlRAihzPxHNCg==",
      "requires": {
        "big.js": "^5.2.2",
        "emojis-list": "^3.0.0",
        "json5": "^1.0.1"
      }
    },
    "lodash": {
      "version": "4.17.21",
      "resolved": "https://registry.npmjs.org/lodash/-/lodash-4.17.21.tgz",
      "integrity": "sha512-v2kDEe57lecTulaDIuNTPy3Ry4gLGJ6Z1O3vE1krgXZNrsQ+LFTGHVxVjcXPs17LhbZVGedAJv8XZ1tvj5FvSg=="
    },
    "minimist": {
      "version": "1.2.8",
      "resolved": "https://registry.npmjs.org/minimist/-/minimist-1.2.8.tgz",
      "integrity": "sha512-2yyAR8qBkN3YuheJanUpWC5U3bb5osDywNB8RzDVlDwDHbocAJveqqj1u8+SVD7jkWT4yvsHCpWqqWqAxb0zCA=="
    },
    "postcss": {
      "version": "6.0.23",
      "resolved": "https://registry.npmjs.org/postcss/-/postcss-6.0.23.tgz",
      "integrity": "sha512-soOk1h6J3VMTZtVeVpv15/Hpdl2cBLX3CAw4TAbkpTJiNPk9YP/zWcD1ND+xEtvyuuvKzbxliTOIyvkSeSJ6ag==",
      "requires": {
        "chalk": "^2.4.1",
        "source-map": "^0.6.1",
        "supports-color": "^5.4.0"
      },
      "dependencies": {
        "ansi-styles": {
          "version": "3.2.1",
          "resolved": "https://registry.npmjs.org/ansi-styles/-/ansi-styles-3.2.1.tgz",
          "integrity": "sha512-VT0ZI6kZRdTh8YyJw3SMbYm/u+NqfsAxEpWO0Pf9sq8/e94WxxOpPKx9FR1FlyCtOVDNOQ+8ntlqFxiRc+r5qA==",
          "requires": {
            "color-convert": "^1.9.0"
          }
        },
        "chalk": {
          "version": "2.4.2",
          "resolved": "https://registry.npmjs.org/chalk/-/chalk-2.4.2.tgz",
          "integrity": "sha512-Mti+f9lpJNcwF4tWV8/OrTTtF1gZi+f8FqlyAdouralcFWFQWF2+NgCHShjkCb+IFBLq9buZwE1xckQU4peSuQ==",
          "requires": {
            "ansi-styles": "^3.2.1",
            "escape-string-regexp": "^1.0.5",
            "supports-color": "^5.3.0"
          }
        },
        "supports-color": {
          "version": "5.5.0",
          "resolved": "https://registry.npmjs.org/supports-color/-/supports-color-5.5.0.tgz",
          "integrity": "sha512-QjVjwdXIt408MIiAqCX4oUKsgU2EqAGzs2Ppkm4aQYbjm+ZEWEcW4SfFNTr4uMNZma0ey4f5lgLrkB0aX0QMow==",
          "requires": {
            "has-flag": "^3.0.0"
          }
        }
      }
    },
    "postcss-modules-extract-imports": {
      "version": "1.2.1",
      "resolved": "https://registry.npmjs.org/postcss-modules-extract-imports/-/postcss-modules-extract-imports-1.2.1.tgz",
      "integrity": "sha512-6jt9XZwUhwmRUhb/CkyJY020PYaPJsCyt3UjbaWo6XEbH/94Hmv6MP7fG2C5NDU/BcHzyGYxNtHvM+LTf9HrYw==",
      "requires": {
        "postcss": "^6.0.1"
      }
    },
    "postcss-modules-local-by-default": {
      "version": "1.2.0",
      "resolved": "https://registry.npmjs.org/postcss-modules-local-by-default/-/postcss-modules-local-by-default-1.2.0.tgz",
      "integrity": "sha512-X4cquUPIaAd86raVrBwO8fwRfkIdbwFu7CTfEOjiZQHVQwlHRSkTgH5NLDmMm5+1hQO8u6dZ+TOOJDbay1hYpA==",
      "requires": {
        "css-selector-tokenizer": "^0.7.0",
        "postcss": "^6.0.1"
      }
    },
    "postcss-modules-scope": {
      "version": "1.1.0",
      "resolved": "https://registry.npmjs.org/postcss-modules-scope/-/postcss-modules-scope-1.1.0.tgz",
      "integrity": "sha512-LTYwnA4C1He1BKZXIx1CYiHixdSe9LWYVKadq9lK5aCCMkoOkFyZ7aigt+srfjlRplJY3gIol6KUNefdMQJdlw==",
      "requires": {
        "css-selector-tokenizer": "^0.7.0",
        "postcss": "^6.0.1"
      }
    },
    "postcss-modules-values": {
      "version": "1.3.0",
      "resolved": "https://registry.npmjs.org/postcss-modules-values/-/postcss-modules-values-1.3.0.tgz",
      "integrity": "sha512-i7IFaR9hlQ6/0UgFuqM6YWaCfA1Ej8WMg8A5DggnH1UGKJvTV/ugqq/KaULixzzOi3T/tF6ClBXcHGCzdd5unA==",
      "requires": {
        "icss-replace-symbols": "^1.1.0",
        "postcss": "^6.0.1"
      }
    },
    "postcss-value-parser": {
      "version": "3.3.1",
      "resolved": "https://registry.npmjs.org/postcss-value-parser/-/postcss-value-parser-3.3.1.tgz",
      "integrity": "sha512-pISE66AbVkp4fDQ7VHBwRNXzAAKJjw4Vw7nWI/+Q3vuly7SNfgYXvm6i5IgFylHGK5sP/xHAbB7N49OS4gWNyQ=="
    },
    "punycode": {
      "version": "2.3.1",
      "resolved": "https://registry.npmjs.org/punycode/-/punycode-2.3.1.tgz",
      "integrity": "sha512-vYt7UD1U9Wg6138shLtLOvdAu+8DsC/ilFtEVHcH+wydcSpNE20AfSOduf6MkRFahL5FY7X1oU7nKVZFtfq8Fg=="
    },
    "redux": {
      "version": "4.2.1",
      "resolved": "https://registry.npmjs.org/redux/-/redux-4.2.1.tgz",
      "integrity": "sha512-LAUYz4lc+Do8/g7aeRa8JkyDErK6ekstQaqWQrNRW//MY1TvCEpMtpTWvlQ+FPbWCx+Xixu/6SHt5N0HR+SB4w==",
      "requires": {
        "@babel/runtime": "^7.9.2"
      }
    },
    "regenerator-runtime": {
      "version": "0.14.1",
      "resolved": "https://registry.npmjs.org/regenerator-runtime/-/regenerator-runtime-0.14.1.tgz",
      "integrity": "sha512-dYnhHh0nJoMfnkZs6GmmhFknAGRrLznOu5nc9ML+EJxGvrx6H7teuevqVqCuPcPK//3eDrrjQhehXVx9cnkGdw=="
    },
    "rw": {
      "version": "1.3.3",
      "resolved": "https://registry.npmjs.org/rw/-/rw-1.3.3.tgz",
      "integrity": "sha512-PdhdWy89SiZogBLaw42zdeqtRJ//zFd2PgQavcICDUgJT5oW10QCRKbJ6bg4r0/UY2M6BWd5tkxuGFRvCkgfHQ=="
    },
    "safer-buffer": {
      "version": "2.1.2",
      "resolved": "https://registry.npmjs.org/safer-buffer/-/safer-buffer-2.1.2.tgz",
      "integrity": "sha512-YZo3K82SD7Riyi0E1EQPojLz7kpepnSQI9IyPbHHg1XXXevb5dJI7tpyN2ADxGcQbHG7vcyRHk0cbwqcQriUtg=="
    },
    "schema-utils": {
      "version": "0.4.7",
      "resolved": "https://registry.npmjs.org/schema-utils/-/schema-utils-0.4.7.tgz",
      "integrity": "sha512-v/iwU6wvwGK8HbU9yi3/nhGzP0yGSuhQMzL6ySiec1FSrZZDkhm4noOSWzrNFo/jEc+SJY6jRTwuwbSXJPDUnQ==",
      "requires": {
        "ajv": "^6.1.0",
        "ajv-keywords": "^3.1.0"
      }
    },
    "source-list-map": {
      "version": "2.0.1",
      "resolved": "https://registry.npmjs.org/source-list-map/-/source-list-map-2.0.1.tgz",
      "integrity": "sha512-qnQ7gVMxGNxsiL4lEuJwe/To8UnK7fAnmbGEEH8RpLouuKbeEm0lhbQVFIrNSuB+G7tVrAlVsZgETT5nljf+Iw=="
    },
    "source-map": {
      "version": "0.6.1",
      "resolved": "https://registry.npmjs.org/source-map/-/source-map-0.6.1.tgz",
      "integrity": "sha512-UjgapumWlbMhkBgzT7Ykc5YXUT46F0iKu8SGXq0bcwP5dz/h0Plj6enJqjz1Zbq2l5WaqYnrVbwWOWMyF3F47g=="
    },
    "strip-ansi": {
      "version": "3.0.1",
      "resolved": "https://registry.npmjs.org/strip-ansi/-/strip-ansi-3.0.1.tgz",
      "integrity": "sha512-VhumSSbBqDTP8p2ZLKj40UjBCV4+v8bUSEpUb4KjRgWk9pbqGF4REFj6KEagidb2f/M6AzC0EmFyDNGaw9OCzg==",
      "requires": {
        "ansi-regex": "^2.0.0"
      }
    },
    "style-loader": {
      "version": "0.21.0",
      "resolved": "https://registry.npmjs.org/style-loader/-/style-loader-0.21.0.tgz",
      "integrity": "sha512-T+UNsAcl3Yg+BsPKs1vd22Fr8sVT+CJMtzqc6LEw9bbJZb43lm9GoeIfUcDEefBSWC0BhYbcdupV1GtI4DGzxg==",
      "requires": {
        "loader-utils": "^1.1.0",
        "schema-utils": "^0.4.5"
      }
    },
    "supports-color": {
      "version": "2.0.0",
      "resolved": "https://registry.npmjs.org/supports-color/-/supports-color-2.0.0.tgz",
      "integrity": "sha512-KKNVtd6pCYgPIKU4cp2733HWYCpplQhddZLBUryaAHou723x+FRzQ5Df824Fj+IyyuiQTRoub4SnIFfIcrp70g=="
    },
    "topojson-client": {
      "version": "3.1.0",
      "resolved": "https://registry.npmjs.org/topojson-client/-/topojson-client-3.1.0.tgz",
      "integrity": "sha512-605uxS6bcYxGXw9qi62XyrV6Q3xwbndjachmNxu8HWTtVPxZfEJN9fd/SZS1Q54Sn2y0TMyMxFj/cJINqGHrKw==",
      "requires": {
        "commander": "2"
      }
    },
    "uri-js": {
      "version": "4.4.1",
      "resolved": "https://registry.npmjs.org/uri-js/-/uri-js-4.4.1.tgz",
      "integrity": "sha512-7rKUyy33Q1yc98pQ1DAmLtwX109F7TIfWlW1Ydo8Wl1ii1SeHieeh0HHfPeL2fMXK6z0s8ecKs9frCuLJvndBg==",
      "requires": {
        "punycode": "^2.1.0"
      }
    },
    "webpack-jquery-ui": {
      "version": "2.0.1",
      "resolved": "https://registry.npmjs.org/webpack-jquery-ui/-/webpack-jquery-ui-2.0.1.tgz",
      "integrity": "sha512-ykG5qttZmTraCktCOgacVRAmD8TQi6N83smVH8D7/yahi63vH31uP0ZXN2o/qwNICn9GMLsi8jVjR0M3u2MEkw==",
      "requires": {
        "css-loader": "^1.0.0",
        "file-loader": "^1.1.11",
        "jquery": "^3.3.1",
        "jquery-ui": "^1.12.1",
        "style-loader": "^0.21.0"
      },
      "dependencies": {
        "jquery": {
          "version": "3.7.1",
          "resolved": "https://registry.npmjs.org/jquery/-/jquery-3.7.1.tgz",
          "integrity": "sha512-m4avr8yL8kmFN8psrbFFFmB/If14iN5o9nw/NgnnM+kybDJpRsAynV2BsfpTYrTRysYUdADVD7CkUUizgkpLfg=="
        }
      }
    }
  }
}
